
Microsoft Visual Studio Solution File, Format Version 12.00
# Visual Studio Version 16
VisualStudioVersion = 16.0.31105.61
MinimumVisualStudioVersion = 10.0.40219.1
Project("{F2A71F9B-5D33-465A-A702-920D77279786}") = "Simply.DomainEvents", "Simply.DomainEvents\Simply.DomainEvents.fsproj", "{089A7315-A7D6-4838-9B05-9423E88BE52B}"
EndProject
Project("{FAE04EC0-301F-11D3-BF4B-00C04F79EFBC}") = "Simply.DomainEvents.Sample", "Simply.DomainEvents.Sample\Simply.DomainEvents.Sample.csproj", "{D45745E7-3B98-47B2-A79E-2D7D2490866D}"
EndProject
Global
	GlobalSection(SolutionConfigurationPlatforms) = preSolution
		Debug|Any CPU = Debug|Any CPU
		Release|Any CPU = Release|Any CPU
	EndGlobalSection
	GlobalSection(ProjectConfigurationPlatforms) = postSolution
		{089A7315-A7D6-4838-9B05-9423E88BE52B}.Debug|Any CPU.ActiveCfg = Debug|Any CPU
		{089A7315-A7D6-4838-9B05-9423E88BE52B}.Debug|Any CPU.Build.0 = Debug|Any CPU
		{089A7315-A7D6-4838-9B05-9423E88BE52B}.Release|Any CPU.ActiveCfg = Release|Any CPU
		{089A7315-A7D6-4838-9B05-9423E88BE52B}.Release|Any CPU.Build.0 = Release|Any CPU
		{D45745E7-3B98-47B2-A79E-2D7D2490866D}.Debug|Any CPU.ActiveCfg = Debug|Any CPU
		{D45745E7-3B98-47B2-A79E-2D7D2490866D}.Debug|Any CPU.Build.0 = Debug|Any CPU
		{D45745E7-3B98-47B2-A79E-2D7D2490866D}.Release|Any CPU.ActiveCfg = Release|Any CPU
		{D45745E7-3B98-47B2-A79E-2D7D2490866D}.Release|Any CPU.Build.0 = Release|Any CPU
	EndGlobalSection
	GlobalSection(SolutionProperties) = preSolution
		HideSolutionNode = FALSE
	EndGlobalSection
	GlobalSection(ExtensibilityGlobals) = postSolution
		SolutionGuid = {129F20D5-D384-4AEE-B36F-61243CD42CB0}
	EndGlobalSection
EndGlobal
